
Microsoft Visual Studio Solution File, Format Version 12.00
# Visual Studio 15
VisualStudioVersion = 15.0.26124.0
MinimumVisualStudioVersion = 15.0.26124.0
Project("{FAE04EC0-301F-11D3-BF4B-00C04F79EFBC}") = "PaymentContext.Domain", "PaymentContext.Domain\PaymentContext.Domain.csproj", "{ED1E31E7-9760-4164-9633-8441E98D791B}"
EndProject
Project("{FAE04EC0-301F-11D3-BF4B-00C04F79EFBC}") = "PaymentContext.Shared", "PaymentContext.Shared\PaymentContext.Shared.csproj", "{C1DC734A-B33B-449C-82E6-54B5A9BA9463}"
EndProject
Project("{FAE04EC0-301F-11D3-BF4B-00C04F79EFBC}") = "PaymentContext.Tests", "PaymentContext.Tests\PaymentContext.Tests.csproj", "{F1B9A383-465E-4C94-AD15-A4A2EC631740}"
EndProject
Global
	GlobalSection(SolutionConfigurationPlatforms) = preSolution
		Debug|Any CPU = Debug|Any CPU
		Debug|x64 = Debug|x64
		Debug|x86 = Debug|x86
		Release|Any CPU = Release|Any CPU
		Release|x64 = Release|x64
		Release|x86 = Release|x86
	EndGlobalSection
	GlobalSection(SolutionProperties) = preSolution
		HideSolutionNode = FALSE
	EndGlobalSection
	GlobalSection(ProjectConfigurationPlatforms) = postSolution
		{ED1E31E7-9760-4164-9633-8441E98D791B}.Debug|Any CPU.ActiveCfg = Debug|Any CPU
		{ED1E31E7-9760-4164-9633-8441E98D791B}.Debug|Any CPU.Build.0 = Debug|Any CPU
		{ED1E31E7-9760-4164-9633-8441E98D791B}.Debug|x64.ActiveCfg = Debug|Any CPU
		{ED1E31E7-9760-4164-9633-8441E98D791B}.Debug|x64.Build.0 = Debug|Any CPU
		{ED1E31E7-9760-4164-9633-8441E98D791B}.Debug|x86.ActiveCfg = Debug|Any CPU
		{ED1E31E7-9760-4164-9633-8441E98D791B}.Debug|x86.Build.0 = Debug|Any CPU
		{ED1E31E7-9760-4164-9633-8441E98D791B}.Release|Any CPU.ActiveCfg = Release|Any CPU
		{ED1E31E7-9760-4164-9633-8441E98D791B}.Release|Any CPU.Build.0 = Release|Any CPU
		{ED1E31E7-9760-4164-9633-8441E98D791B}.Release|x64.ActiveCfg = Release|Any CPU
		{ED1E31E7-9760-4164-9633-8441E98D791B}.Release|x64.Build.0 = Release|Any CPU
		{ED1E31E7-9760-4164-9633-8441E98D791B}.Release|x86.ActiveCfg = Release|Any CPU
		{ED1E31E7-9760-4164-9633-8441E98D791B}.Release|x86.Build.0 = Release|Any CPU
		{C1DC734A-B33B-449C-82E6-54B5A9BA9463}.Debug|Any CPU.ActiveCfg = Debug|Any CPU
		{C1DC734A-B33B-449C-82E6-54B5A9BA9463}.Debug|Any CPU.Build.0 = Debug|Any CPU
		{C1DC734A-B33B-449C-82E6-54B5A9BA9463}.Debug|x64.ActiveCfg = Debug|Any CPU
		{C1DC734A-B33B-449C-82E6-54B5A9BA9463}.Debug|x64.Build.0 = Debug|Any CPU
		{C1DC734A-B33B-449C-82E6-54B5A9BA9463}.Debug|x86.ActiveCfg = Debug|Any CPU
		{C1DC734A-B33B-449C-82E6-54B5A9BA9463}.Debug|x86.Build.0 = Debug|Any CPU
		{C1DC734A-B33B-449C-82E6-54B5A9BA9463}.Release|Any CPU.ActiveCfg = Release|Any CPU
		{C1DC734A-B33B-449C-82E6-54B5A9BA9463}.Release|Any CPU.Build.0 = Release|Any CPU
		{C1DC734A-B33B-449C-82E6-54B5A9BA9463}.Release|x64.ActiveCfg = Release|Any CPU
		{C1DC734A-B33B-449C-82E6-54B5A9BA9463}.Release|x64.Build.0 = Release|Any CPU
		{C1DC734A-B33B-449C-82E6-54B5A9BA9463}.Release|x86.ActiveCfg = Release|Any CPU
		{C1DC734A-B33B-449C-82E6-54B5A9BA9463}.Release|x86.Build.0 = Release|Any CPU
		{F1B9A383-465E-4C94-AD15-A4A2EC631740}.Debug|Any CPU.ActiveCfg = Debug|Any CPU
		{F1B9A383-465E-4C94-AD15-A4A2EC631740}.Debug|Any CPU.Build.0 = Debug|Any CPU
		{F1B9A383-465E-4C94-AD15-A4A2EC631740}.Debug|x64.ActiveCfg = Debug|Any CPU
		{F1B9A383-465E-4C94-AD15-A4A2EC631740}.Debug|x64.Build.0 = Debug|Any CPU
		{F1B9A383-465E-4C94-AD15-A4A2EC631740}.Debug|x86.ActiveCfg = Debug|Any CPU
		{F1B9A383-465E-4C94-AD15-A4A2EC631740}.Debug|x86.Build.0 = Debug|Any CPU
		{F1B9A383-465E-4C94-AD15-A4A2EC631740}.Release|Any CPU.ActiveCfg = Release|Any CPU
		{F1B9A383-465E-4C94-AD15-A4A2EC631740}.Release|Any CPU.Build.0 = Release|Any CPU
		{F1B9A383-465E-4C94-AD15-A4A2EC631740}.Release|x64.ActiveCfg = Release|Any CPU
		{F1B9A383-465E-4C94-AD15-A4A2EC631740}.Release|x64.Build.0 = Release|Any CPU
		{F1B9A383-465E-4C94-AD15-A4A2EC631740}.Release|x86.ActiveCfg = Release|Any CPU
		{F1B9A383-465E-4C94-AD15-A4A2EC631740}.Release|x86.Build.0 = Release|Any CPU
	EndGlobalSection
EndGlobal
